
Microsoft Visual Studio Solution File, Format Version 12.00
# Visual Studio Version 16
VisualStudioVersion = 16.0.29926.136
MinimumVisualStudioVersion = 10.0.40219.1
Project("{9A19103F-16F7-4668-BE54-9A1E7A4F7556}") = "Asp_Mindrisoru_Tudor_Rp", "..\..\Asp_Mindrisoru_Tudor_Rp Mi 14 - lab11\Asp_Mindrisoru_Tudor_Rp\Asp_Mindrisoru_Tudor_Rp\Asp_Mindrisoru_Tudor_Rp.csproj", "{7CE80155-65DA-4E7E-B020-3194BAB42969}"
EndProject
Project("{FAE04EC0-301F-11D3-BF4B-00C04F79EFBC}") = "WFandEFLab", "..\..\WCF si EF. Exemplu cu Post si Comment. - lab6\WFandEFLab\WFandEFLab\WFandEFLab.csproj", "{F36CAAC8-0BB1-44E1-8A07-D1FA3B327567}"
EndProject
Global
	GlobalSection(SolutionConfigurationPlatforms) = preSolution
		Debug|Any CPU = Debug|Any CPU
		Release|Any CPU = Release|Any CPU
	EndGlobalSection
	GlobalSection(ProjectConfigurationPlatforms) = postSolution
		{7CE80155-65DA-4E7E-B020-3194BAB42969}.Debug|Any CPU.ActiveCfg = Debug|Any CPU
		{7CE80155-65DA-4E7E-B020-3194BAB42969}.Debug|Any CPU.Build.0 = Debug|Any CPU
		{7CE80155-65DA-4E7E-B020-3194BAB42969}.Release|Any CPU.ActiveCfg = Release|Any CPU
		{7CE80155-65DA-4E7E-B020-3194BAB42969}.Release|Any CPU.Build.0 = Release|Any CPU
		{F36CAAC8-0BB1-44E1-8A07-D1FA3B327567}.Debug|Any CPU.ActiveCfg = Debug|Any CPU
		{F36CAAC8-0BB1-44E1-8A07-D1FA3B327567}.Debug|Any CPU.Build.0 = Debug|Any CPU
		{F36CAAC8-0BB1-44E1-8A07-D1FA3B327567}.Release|Any CPU.ActiveCfg = Release|Any CPU
		{F36CAAC8-0BB1-44E1-8A07-D1FA3B327567}.Release|Any CPU.Build.0 = Release|Any CPU
	EndGlobalSection
	GlobalSection(SolutionProperties) = preSolution
		HideSolutionNode = FALSE
	EndGlobalSection
	GlobalSection(ExtensibilityGlobals) = postSolution
		SolutionGuid = {05222216-4DB1-4C41-AA96-9865E21A680E}
	EndGlobalSection
EndGlobal
