
Microsoft Visual Studio Solution File, Format Version 12.00
# Visual Studio Version 16
VisualStudioVersion = 16.0.29926.136
MinimumVisualStudioVersion = 10.0.40219.1
Project("{FAE04EC0-301F-11D3-BF4B-00C04F79EFBC}") = "WFandEFLab", "WFandEFLab\WFandEFLab.csproj", "{F36CAAC8-0BB1-44E1-8A07-D1FA3B327567}"
EndProject
Project("{9A19103F-16F7-4668-BE54-9A1E7A4F7556}") = "GrpcGreeter", "..\..\gRPC - Greeter Service - lab 8\GrpcGreeter\GrpcGreeter\GrpcGreeter.csproj", "{06F670DA-639D-42C3-A340-3CC5DA6101E0}"
EndProject
Project("{9A19103F-16F7-4668-BE54-9A1E7A4F7556}") = "GrpcGreeterClient", "..\..\gRPC - Greeter Service - lab 8\GrpcGreeterClient\GrpcGreeterClient\GrpcGreeterClient.csproj", "{B0448821-A0F3-4870-8AB7-ED3A7303C26F}"
EndProject
Global
	GlobalSection(SolutionConfigurationPlatforms) = preSolution
		Debug|Any CPU = Debug|Any CPU
		Release|Any CPU = Release|Any CPU
	EndGlobalSection
	GlobalSection(ProjectConfigurationPlatforms) = postSolution
		{F36CAAC8-0BB1-44E1-8A07-D1FA3B327567}.Debug|Any CPU.ActiveCfg = Debug|Any CPU
		{F36CAAC8-0BB1-44E1-8A07-D1FA3B327567}.Debug|Any CPU.Build.0 = Debug|Any CPU
		{F36CAAC8-0BB1-44E1-8A07-D1FA3B327567}.Release|Any CPU.ActiveCfg = Release|Any CPU
		{F36CAAC8-0BB1-44E1-8A07-D1FA3B327567}.Release|Any CPU.Build.0 = Release|Any CPU
		{06F670DA-639D-42C3-A340-3CC5DA6101E0}.Debug|Any CPU.ActiveCfg = Debug|Any CPU
		{06F670DA-639D-42C3-A340-3CC5DA6101E0}.Debug|Any CPU.Build.0 = Debug|Any CPU
		{06F670DA-639D-42C3-A340-3CC5DA6101E0}.Release|Any CPU.ActiveCfg = Release|Any CPU
		{06F670DA-639D-42C3-A340-3CC5DA6101E0}.Release|Any CPU.Build.0 = Release|Any CPU
		{B0448821-A0F3-4870-8AB7-ED3A7303C26F}.Debug|Any CPU.ActiveCfg = Debug|Any CPU
		{B0448821-A0F3-4870-8AB7-ED3A7303C26F}.Debug|Any CPU.Build.0 = Debug|Any CPU
		{B0448821-A0F3-4870-8AB7-ED3A7303C26F}.Release|Any CPU.ActiveCfg = Release|Any CPU
		{B0448821-A0F3-4870-8AB7-ED3A7303C26F}.Release|Any CPU.Build.0 = Release|Any CPU
	EndGlobalSection
	GlobalSection(SolutionProperties) = preSolution
		HideSolutionNode = FALSE
	EndGlobalSection
	GlobalSection(ExtensibilityGlobals) = postSolution
		SolutionGuid = {50AE95A7-F1F6-4432-8229-AB953006BD70}
	EndGlobalSection
EndGlobal
